
Microsoft Visual Studio Solution File, Format Version 12.00
Project("{FAE04EC0-301F-11D3-BF4B-00C04F79EFBC}") = "AdventToolkit", "AdventToolkit\AdventToolkit.csproj", "{38BC9C4C-02CF-4627-B5BA-A7CED87BF007}"
EndProject
Project("{FAE04EC0-301F-11D3-BF4B-00C04F79EFBC}") = "AdventOfCode2020", "AdventOfCode2020\AdventOfCode2020.csproj", "{3F1C853C-92B9-4DD8-ADA4-B3E5CAA65EB0}"
EndProject
Project("{FAE04EC0-301F-11D3-BF4B-00C04F79EFBC}") = "AdventOfCode2019", "AdventOfCode2019\AdventOfCode2019.csproj", "{4DA5927C-9C49-446A-AC3E-68DC12CA3EB5}"
EndProject
Project("{FAE04EC0-301F-11D3-BF4B-00C04F79EFBC}") = "AdventOfCode2018", "AdventOfCode2018\AdventOfCode2018.csproj", "{47DD543E-B986-49FF-AD2F-99D402F35A4D}"
EndProject
Project("{FAE04EC0-301F-11D3-BF4B-00C04F79EFBC}") = "Z3Helper", "Z3Helper\Z3Helper.csproj", "{52BFA8CA-0ED7-419E-A3DD-74AAC16B0DB5}"
EndProject
Project("{FAE04EC0-301F-11D3-BF4B-00C04F79EFBC}") = "AdventOfCode2017", "AdventOfCode2017\AdventOfCode2017.csproj", "{F431C6C2-7A69-4495-AB7C-FC47D14B97B8}"
EndProject
Project("{FAE04EC0-301F-11D3-BF4B-00C04F79EFBC}") = "AdventOfCode2021", "AdventOfCode2021\AdventOfCode2021.csproj", "{E24ED647-E75C-445C-ADA9-84ABD854120D}"
EndProject
Project("{FAE04EC0-301F-11D3-BF4B-00C04F79EFBC}") = "AdventOfCode2016", "AdventOfCode2016\AdventOfCode2016.csproj", "{0BB1D3B8-5EA9-4C54-8557-D09BBDDD08FF}"
EndProject
Project("{FAE04EC0-301F-11D3-BF4B-00C04F79EFBC}") = "AdventOfCode2015", "AdventOfCode2015\AdventOfCode2015.csproj", "{DE06CBD6-672F-4F83-A9D4-492DC8A3C170}"
EndProject
Project("{FAE04EC0-301F-11D3-BF4B-00C04F79EFBC}") = "AdventOfCode2022", "AdventOfCode2022\AdventOfCode2022.csproj", "{2BD4EFC7-8D03-4AB6-9CC7-AF5903CBD1EE}"
EndProject
Project("{FAE04EC0-301F-11D3-BF4B-00C04F79EFBC}") = "Benchmarks", "Benchmarks\Benchmarks.csproj", "{13CFD815-930D-4BE7-9CA9-CE7412BB9B46}"
EndProject
Project("{FAE04EC0-301F-11D3-BF4B-00C04F79EFBC}") = "AdventOfCode2023", "AdventOfCode2023\AdventOfCode2023.csproj", "{0262612F-127E-4241-A29C-DEB4C8568C19}"
EndProject
Global
	GlobalSection(SolutionConfigurationPlatforms) = preSolution
		Debug|Any CPU = Debug|Any CPU
		Release|Any CPU = Release|Any CPU
	EndGlobalSection
	GlobalSection(ProjectConfigurationPlatforms) = postSolution
		{38BC9C4C-02CF-4627-B5BA-A7CED87BF007}.Release|Any CPU.ActiveCfg = Release|Any CPU
		{38BC9C4C-02CF-4627-B5BA-A7CED87BF007}.Release|Any CPU.Build.0 = Release|Any CPU
		{38BC9C4C-02CF-4627-B5BA-A7CED87BF007}.Debug|Any CPU.ActiveCfg = Release|Any CPU
		{38BC9C4C-02CF-4627-B5BA-A7CED87BF007}.Debug|Any CPU.Build.0 = Release|Any CPU
		{3F1C853C-92B9-4DD8-ADA4-B3E5CAA65EB0}.Debug|Any CPU.ActiveCfg = Debug|Any CPU
		{3F1C853C-92B9-4DD8-ADA4-B3E5CAA65EB0}.Debug|Any CPU.Build.0 = Debug|Any CPU
		{3F1C853C-92B9-4DD8-ADA4-B3E5CAA65EB0}.Release|Any CPU.ActiveCfg = Release|Any CPU
		{3F1C853C-92B9-4DD8-ADA4-B3E5CAA65EB0}.Release|Any CPU.Build.0 = Release|Any CPU
		{4DA5927C-9C49-446A-AC3E-68DC12CA3EB5}.Debug|Any CPU.ActiveCfg = Debug|Any CPU
		{4DA5927C-9C49-446A-AC3E-68DC12CA3EB5}.Debug|Any CPU.Build.0 = Debug|Any CPU
		{4DA5927C-9C49-446A-AC3E-68DC12CA3EB5}.Release|Any CPU.ActiveCfg = Release|Any CPU
		{4DA5927C-9C49-446A-AC3E-68DC12CA3EB5}.Release|Any CPU.Build.0 = Release|Any CPU
		{47DD543E-B986-49FF-AD2F-99D402F35A4D}.Debug|Any CPU.ActiveCfg = Debug|Any CPU
		{47DD543E-B986-49FF-AD2F-99D402F35A4D}.Debug|Any CPU.Build.0 = Debug|Any CPU
		{47DD543E-B986-49FF-AD2F-99D402F35A4D}.Release|Any CPU.ActiveCfg = Release|Any CPU
		{47DD543E-B986-49FF-AD2F-99D402F35A4D}.Release|Any CPU.Build.0 = Release|Any CPU
		{52BFA8CA-0ED7-419E-A3DD-74AAC16B0DB5}.Debug|Any CPU.ActiveCfg = Debug|Any CPU
		{52BFA8CA-0ED7-419E-A3DD-74AAC16B0DB5}.Debug|Any CPU.Build.0 = Debug|Any CPU
		{52BFA8CA-0ED7-419E-A3DD-74AAC16B0DB5}.Release|Any CPU.ActiveCfg = Release|Any CPU
		{52BFA8CA-0ED7-419E-A3DD-74AAC16B0DB5}.Release|Any CPU.Build.0 = Release|Any CPU
		{F431C6C2-7A69-4495-AB7C-FC47D14B97B8}.Debug|Any CPU.ActiveCfg = Debug|Any CPU
		{F431C6C2-7A69-4495-AB7C-FC47D14B97B8}.Debug|Any CPU.Build.0 = Debug|Any CPU
		{F431C6C2-7A69-4495-AB7C-FC47D14B97B8}.Release|Any CPU.ActiveCfg = Release|Any CPU
		{F431C6C2-7A69-4495-AB7C-FC47D14B97B8}.Release|Any CPU.Build.0 = Release|Any CPU
		{E24ED647-E75C-445C-ADA9-84ABD854120D}.Debug|Any CPU.ActiveCfg = Debug|Any CPU
		{E24ED647-E75C-445C-ADA9-84ABD854120D}.Debug|Any CPU.Build.0 = Debug|Any CPU
		{E24ED647-E75C-445C-ADA9-84ABD854120D}.Release|Any CPU.ActiveCfg = Release|Any CPU
		{E24ED647-E75C-445C-ADA9-84ABD854120D}.Release|Any CPU.Build.0 = Release|Any CPU
		{0BB1D3B8-5EA9-4C54-8557-D09BBDDD08FF}.Debug|Any CPU.ActiveCfg = Debug|Any CPU
		{0BB1D3B8-5EA9-4C54-8557-D09BBDDD08FF}.Debug|Any CPU.Build.0 = Debug|Any CPU
		{0BB1D3B8-5EA9-4C54-8557-D09BBDDD08FF}.Release|Any CPU.ActiveCfg = Release|Any CPU
		{0BB1D3B8-5EA9-4C54-8557-D09BBDDD08FF}.Release|Any CPU.Build.0 = Release|Any CPU
		{DE06CBD6-672F-4F83-A9D4-492DC8A3C170}.Debug|Any CPU.ActiveCfg = Debug|Any CPU
		{DE06CBD6-672F-4F83-A9D4-492DC8A3C170}.Debug|Any CPU.Build.0 = Debug|Any CPU
		{DE06CBD6-672F-4F83-A9D4-492DC8A3C170}.Release|Any CPU.ActiveCfg = Release|Any CPU
		{DE06CBD6-672F-4F83-A9D4-492DC8A3C170}.Release|Any CPU.Build.0 = Release|Any CPU
		{2BD4EFC7-8D03-4AB6-9CC7-AF5903CBD1EE}.Debug|Any CPU.ActiveCfg = Debug|Any CPU
		{2BD4EFC7-8D03-4AB6-9CC7-AF5903CBD1EE}.Debug|Any CPU.Build.0 = Debug|Any CPU
		{2BD4EFC7-8D03-4AB6-9CC7-AF5903CBD1EE}.Release|Any CPU.ActiveCfg = Release|Any CPU
		{2BD4EFC7-8D03-4AB6-9CC7-AF5903CBD1EE}.Release|Any CPU.Build.0 = Release|Any CPU
		{13CFD815-930D-4BE7-9CA9-CE7412BB9B46}.Release|Any CPU.ActiveCfg = Release|Any CPU
		{13CFD815-930D-4BE7-9CA9-CE7412BB9B46}.Release|Any CPU.Build.0 = Release|Any CPU
		{13CFD815-930D-4BE7-9CA9-CE7412BB9B46}.Debug|Any CPU.ActiveCfg = Release|Any CPU
		{13CFD815-930D-4BE7-9CA9-CE7412BB9B46}.Debug|Any CPU.Build.0 = Release|Any CPU
		{0262612F-127E-4241-A29C-DEB4C8568C19}.Debug|Any CPU.ActiveCfg = Debug|Any CPU
		{0262612F-127E-4241-A29C-DEB4C8568C19}.Debug|Any CPU.Build.0 = Debug|Any CPU
		{0262612F-127E-4241-A29C-DEB4C8568C19}.Release|Any CPU.ActiveCfg = Release|Any CPU
		{0262612F-127E-4241-A29C-DEB4C8568C19}.Release|Any CPU.Build.0 = Release|Any CPU
	EndGlobalSection
EndGlobal
