
Microsoft Visual Studio Solution File, Format Version 12.00
Project("{FAE04EC0-301F-11D3-BF4B-00C04F79EFBC}") = "AdventToolkit", "AdventToolkit\AdventToolkit.csproj", "{38BC9C4C-02CF-4627-B5BA-A7CED87BF007}"
EndProject
Project("{FAE04EC0-301F-11D3-BF4B-00C04F79EFBC}") = "AdventOfCode2020", "AdventOfCode2020\AdventOfCode2020.csproj", "{3F1C853C-92B9-4DD8-ADA4-B3E5CAA65EB0}"
EndProject
Project("{FAE04EC0-301F-11D3-BF4B-00C04F79EFBC}") = "AdventOfCode2019", "AdventOfCode2019\AdventOfCode2019.csproj", "{4DA5927C-9C49-446A-AC3E-68DC12CA3EB5}"
EndProject
Project("{FAE04EC0-301F-11D3-BF4B-00C04F79EFBC}") = "AdventOfCode2018", "AdventOfCode2018\AdventOfCode2018.csproj", "{47DD543E-B986-49FF-AD2F-99D402F35A4D}"
EndProject
Global
	GlobalSection(SolutionConfigurationPlatforms) = preSolution
		Debug|Any CPU = Debug|Any CPU
		Release|Any CPU = Release|Any CPU
	EndGlobalSection
	GlobalSection(ProjectConfigurationPlatforms) = postSolution
		{38BC9C4C-02CF-4627-B5BA-A7CED87BF007}.Debug|Any CPU.ActiveCfg = Debug|Any CPU
		{38BC9C4C-02CF-4627-B5BA-A7CED87BF007}.Debug|Any CPU.Build.0 = Debug|Any CPU
		{38BC9C4C-02CF-4627-B5BA-A7CED87BF007}.Release|Any CPU.ActiveCfg = Release|Any CPU
		{38BC9C4C-02CF-4627-B5BA-A7CED87BF007}.Release|Any CPU.Build.0 = Release|Any CPU
		{3F1C853C-92B9-4DD8-ADA4-B3E5CAA65EB0}.Debug|Any CPU.ActiveCfg = Debug|Any CPU
		{3F1C853C-92B9-4DD8-ADA4-B3E5CAA65EB0}.Debug|Any CPU.Build.0 = Debug|Any CPU
		{3F1C853C-92B9-4DD8-ADA4-B3E5CAA65EB0}.Release|Any CPU.ActiveCfg = Release|Any CPU
		{3F1C853C-92B9-4DD8-ADA4-B3E5CAA65EB0}.Release|Any CPU.Build.0 = Release|Any CPU
		{4DA5927C-9C49-446A-AC3E-68DC12CA3EB5}.Debug|Any CPU.ActiveCfg = Debug|Any CPU
		{4DA5927C-9C49-446A-AC3E-68DC12CA3EB5}.Debug|Any CPU.Build.0 = Debug|Any CPU
		{4DA5927C-9C49-446A-AC3E-68DC12CA3EB5}.Release|Any CPU.ActiveCfg = Release|Any CPU
		{4DA5927C-9C49-446A-AC3E-68DC12CA3EB5}.Release|Any CPU.Build.0 = Release|Any CPU
		{47DD543E-B986-49FF-AD2F-99D402F35A4D}.Debug|Any CPU.ActiveCfg = Debug|Any CPU
		{47DD543E-B986-49FF-AD2F-99D402F35A4D}.Debug|Any CPU.Build.0 = Debug|Any CPU
		{47DD543E-B986-49FF-AD2F-99D402F35A4D}.Release|Any CPU.ActiveCfg = Release|Any CPU
		{47DD543E-B986-49FF-AD2F-99D402F35A4D}.Release|Any CPU.Build.0 = Release|Any CPU
	EndGlobalSection
EndGlobal
